
Microsoft Visual Studio Solution File, Format Version 12.00
# Visual Studio Version 16
VisualStudioVersion = 16.0.30330.147
MinimumVisualStudioVersion = 10.0.40219.1
Project("{FAE04EC0-301F-11D3-BF4B-00C04F79EFBC}") = "01_Wpf_Intro", "01_Wpf_Intro\01_Wpf_Intro.csproj", "{1A944441-E029-44D9-9257-5A938EE1B9AF}"
EndProject
Project("{FAE04EC0-301F-11D3-BF4B-00C04F79EFBC}") = "02_Controls", "02_Controls\02_Controls.csproj", "{62F5D174-9917-4F57-8232-52A8D62A8222}"
EndProject
Project("{FAE04EC0-301F-11D3-BF4B-00C04F79EFBC}") = "03_Toolbar", "03_Toolbar\03_Toolbar.csproj", "{377317ED-E91F-44EE-BA4D-247753B67526}"
EndProject
Project("{FAE04EC0-301F-11D3-BF4B-00C04F79EFBC}") = "04_Events", "04_Events\04_Events.csproj", "{3996C044-5DE3-4CA5-8446-74ED6D36BD13}"
EndProject
Project("{FAE04EC0-301F-11D3-BF4B-00C04F79EFBC}") = "05_NonFixedDocuments", "05_NonFixedDocuments\05_NonFixedDocuments.csproj", "{9F941774-5E34-46F4-9B05-051AFE7BADF5}"
EndProject
Project("{FAE04EC0-301F-11D3-BF4B-00C04F79EFBC}") = "06_Binding", "06_Binding\06_Binding.csproj", "{C423C6D3-481E-4DA1-A495-F58D71C1905A}"
EndProject
Project("{FAE04EC0-301F-11D3-BF4B-00C04F79EFBC}") = "MVVM", "MVVM\MVVM.csproj", "{16B27949-47C7-44A9-89AD-6EFD7A2C397A}"
EndProject
Project("{FAE04EC0-301F-11D3-BF4B-00C04F79EFBC}") = "07_Styles", "07_Styles\07_Styles.csproj", "{D02CAB77-F9E8-43D7-B9FB-75F505935ABD}"
EndProject
Project("{FAE04EC0-301F-11D3-BF4B-00C04F79EFBC}") = "08_PagesLocalization", "08_PagesLocalization\08_PagesLocalization.csproj", "{DF72625B-A19F-494A-94E2-18159FAA1777}"
EndProject
Global
	GlobalSection(SolutionConfigurationPlatforms) = preSolution
		Debug|Any CPU = Debug|Any CPU
		Release|Any CPU = Release|Any CPU
	EndGlobalSection
	GlobalSection(ProjectConfigurationPlatforms) = postSolution
		{1A944441-E029-44D9-9257-5A938EE1B9AF}.Debug|Any CPU.ActiveCfg = Debug|Any CPU
		{1A944441-E029-44D9-9257-5A938EE1B9AF}.Debug|Any CPU.Build.0 = Debug|Any CPU
		{1A944441-E029-44D9-9257-5A938EE1B9AF}.Release|Any CPU.ActiveCfg = Release|Any CPU
		{1A944441-E029-44D9-9257-5A938EE1B9AF}.Release|Any CPU.Build.0 = Release|Any CPU
		{62F5D174-9917-4F57-8232-52A8D62A8222}.Debug|Any CPU.ActiveCfg = Debug|Any CPU
		{62F5D174-9917-4F57-8232-52A8D62A8222}.Debug|Any CPU.Build.0 = Debug|Any CPU
		{62F5D174-9917-4F57-8232-52A8D62A8222}.Release|Any CPU.ActiveCfg = Release|Any CPU
		{62F5D174-9917-4F57-8232-52A8D62A8222}.Release|Any CPU.Build.0 = Release|Any CPU
		{377317ED-E91F-44EE-BA4D-247753B67526}.Debug|Any CPU.ActiveCfg = Debug|Any CPU
		{377317ED-E91F-44EE-BA4D-247753B67526}.Debug|Any CPU.Build.0 = Debug|Any CPU
		{377317ED-E91F-44EE-BA4D-247753B67526}.Release|Any CPU.ActiveCfg = Release|Any CPU
		{377317ED-E91F-44EE-BA4D-247753B67526}.Release|Any CPU.Build.0 = Release|Any CPU
		{3996C044-5DE3-4CA5-8446-74ED6D36BD13}.Debug|Any CPU.ActiveCfg = Debug|Any CPU
		{3996C044-5DE3-4CA5-8446-74ED6D36BD13}.Debug|Any CPU.Build.0 = Debug|Any CPU
		{3996C044-5DE3-4CA5-8446-74ED6D36BD13}.Release|Any CPU.ActiveCfg = Release|Any CPU
		{3996C044-5DE3-4CA5-8446-74ED6D36BD13}.Release|Any CPU.Build.0 = Release|Any CPU
		{9F941774-5E34-46F4-9B05-051AFE7BADF5}.Debug|Any CPU.ActiveCfg = Debug|Any CPU
		{9F941774-5E34-46F4-9B05-051AFE7BADF5}.Debug|Any CPU.Build.0 = Debug|Any CPU
		{9F941774-5E34-46F4-9B05-051AFE7BADF5}.Release|Any CPU.ActiveCfg = Release|Any CPU
		{9F941774-5E34-46F4-9B05-051AFE7BADF5}.Release|Any CPU.Build.0 = Release|Any CPU
		{C423C6D3-481E-4DA1-A495-F58D71C1905A}.Debug|Any CPU.ActiveCfg = Debug|Any CPU
		{C423C6D3-481E-4DA1-A495-F58D71C1905A}.Debug|Any CPU.Build.0 = Debug|Any CPU
		{C423C6D3-481E-4DA1-A495-F58D71C1905A}.Release|Any CPU.ActiveCfg = Release|Any CPU
		{C423C6D3-481E-4DA1-A495-F58D71C1905A}.Release|Any CPU.Build.0 = Release|Any CPU
		{16B27949-47C7-44A9-89AD-6EFD7A2C397A}.Debug|Any CPU.ActiveCfg = Debug|Any CPU
		{16B27949-47C7-44A9-89AD-6EFD7A2C397A}.Debug|Any CPU.Build.0 = Debug|Any CPU
		{16B27949-47C7-44A9-89AD-6EFD7A2C397A}.Release|Any CPU.ActiveCfg = Release|Any CPU
		{16B27949-47C7-44A9-89AD-6EFD7A2C397A}.Release|Any CPU.Build.0 = Release|Any CPU
		{D02CAB77-F9E8-43D7-B9FB-75F505935ABD}.Debug|Any CPU.ActiveCfg = Debug|Any CPU
		{D02CAB77-F9E8-43D7-B9FB-75F505935ABD}.Debug|Any CPU.Build.0 = Debug|Any CPU
		{D02CAB77-F9E8-43D7-B9FB-75F505935ABD}.Release|Any CPU.ActiveCfg = Release|Any CPU
		{D02CAB77-F9E8-43D7-B9FB-75F505935ABD}.Release|Any CPU.Build.0 = Release|Any CPU
		{DF72625B-A19F-494A-94E2-18159FAA1777}.Debug|Any CPU.ActiveCfg = Debug|Any CPU
		{DF72625B-A19F-494A-94E2-18159FAA1777}.Debug|Any CPU.Build.0 = Debug|Any CPU
		{DF72625B-A19F-494A-94E2-18159FAA1777}.Release|Any CPU.ActiveCfg = Release|Any CPU
		{DF72625B-A19F-494A-94E2-18159FAA1777}.Release|Any CPU.Build.0 = Release|Any CPU
	EndGlobalSection
	GlobalSection(SolutionProperties) = preSolution
		HideSolutionNode = FALSE
	EndGlobalSection
	GlobalSection(ExtensibilityGlobals) = postSolution
		SolutionGuid = {1504F0FF-68F9-4CCB-B87A-C890BBE74689}
	EndGlobalSection
EndGlobal
