
Microsoft Visual Studio Solution File, Format Version 12.00
# Visual Studio Version 16
VisualStudioVersion = 16.0.30330.147
MinimumVisualStudioVersion = 10.0.40219.1
Project("{FAE04EC0-301F-11D3-BF4B-00C04F79EFBC}") = "01_Wpf_Intro", "01_Wpf_Intro\01_Wpf_Intro.csproj", "{1A944441-E029-44D9-9257-5A938EE1B9AF}"
EndProject
Global
	GlobalSection(SolutionConfigurationPlatforms) = preSolution
		Debug|Any CPU = Debug|Any CPU
		Release|Any CPU = Release|Any CPU
	EndGlobalSection
	GlobalSection(ProjectConfigurationPlatforms) = postSolution
		{1A944441-E029-44D9-9257-5A938EE1B9AF}.Debug|Any CPU.ActiveCfg = Debug|Any CPU
		{1A944441-E029-44D9-9257-5A938EE1B9AF}.Debug|Any CPU.Build.0 = Debug|Any CPU
		{1A944441-E029-44D9-9257-5A938EE1B9AF}.Release|Any CPU.ActiveCfg = Release|Any CPU
		{1A944441-E029-44D9-9257-5A938EE1B9AF}.Release|Any CPU.Build.0 = Release|Any CPU
	EndGlobalSection
	GlobalSection(SolutionProperties) = preSolution
		HideSolutionNode = FALSE
	EndGlobalSection
	GlobalSection(ExtensibilityGlobals) = postSolution
		SolutionGuid = {1504F0FF-68F9-4CCB-B87A-C890BBE74689}
	EndGlobalSection
EndGlobal
